// !$*UTF8*$!
{
	archiveVersion = 1;
	classes = {
	};
	objectVersion = 50;
	objects = {

/* Begin PBXBuildFile section */
		C01D8C91246159B2008E7151 /* AppDelegate.swift in Sources */ = {isa = PBXBuildFile; fileRef = C01D8C90246159B2008E7151 /* AppDelegate.swift */; };
		C01D8C93246159B2008E7151 /* SceneDelegate.swift in Sources */ = {isa = PBXBuildFile; fileRef = C01D8C92246159B2008E7151 /* SceneDelegate.swift */; };
		C01D8C98246159B2008E7151 /* Main.storyboard in Resources */ = {isa = PBXBuildFile; fileRef = C01D8C96246159B2008E7151 /* Main.storyboard */; };
		C01D8C9B246159B2008E7151 /* EnjoyWelfare.xcdatamodeld in Sources */ = {isa = PBXBuildFile; fileRef = C01D8C99246159B2008E7151 /* EnjoyWelfare.xcdatamodeld */; };
		C01D8C9D246159B8008E7151 /* Assets.xcassets in Resources */ = {isa = PBXBuildFile; fileRef = C01D8C9C246159B8008E7151 /* Assets.xcassets */; };
		C01D8CA0246159B8008E7151 /* LaunchScreen.storyboard in Resources */ = {isa = PBXBuildFile; fileRef = C01D8C9E246159B8008E7151 /* LaunchScreen.storyboard */; };
		C01D8CAB246159B9008E7151 /* EnjoyWelfareTests.swift in Sources */ = {isa = PBXBuildFile; fileRef = C01D8CAA246159B9008E7151 /* EnjoyWelfareTests.swift */; };
		C01D8CB6246159B9008E7151 /* EnjoyWelfareUITests.swift in Sources */ = {isa = PBXBuildFile; fileRef = C01D8CB5246159B9008E7151 /* EnjoyWelfareUITests.swift */; };
		C01D8CCD246188DA008E7151 /* SignInViewController.swift in Sources */ = {isa = PBXBuildFile; fileRef = C01D8CCC246188DA008E7151 /* SignInViewController.swift */; };
		C01D8CD02461A2C1008E7151 /* ServiceForUserManagement.swift in Sources */ = {isa = PBXBuildFile; fileRef = C01D8CCF2461A2C1008E7151 /* ServiceForUserManagement.swift */; };
		C01D8CD92461A774008E7151 /* UsingURLComponents.swift in Sources */ = {isa = PBXBuildFile; fileRef = C01D8CD82461A774008E7151 /* UsingURLComponents.swift */; };
		C01D8CDB2461AD37008E7151 /* Service.swift in Sources */ = {isa = PBXBuildFile; fileRef = C01D8CDA2461AD37008E7151 /* Service.swift */; };
		C01D8CDF2461AFFD008E7151 /* HoxyMeTooAPI.swift in Sources */ = {isa = PBXBuildFile; fileRef = C01D8CDE2461AFFD008E7151 /* HoxyMeTooAPI.swift */; };
		C01D8CE22461B34A008E7151 /* NewUser.swift in Sources */ = {isa = PBXBuildFile; fileRef = C01D8CE12461B34A008E7151 /* NewUser.swift */; };
/* End PBXBuildFile section */

/* Begin PBXContainerItemProxy section */
		C01D8CA7246159B9008E7151 /* PBXContainerItemProxy */ = {
			isa = PBXContainerItemProxy;
			containerPortal = C01D8C85246159B2008E7151 /* Project object */;
			proxyType = 1;
			remoteGlobalIDString = C01D8C8C246159B2008E7151;
			remoteInfo = EnjoyWelfare;
		};
		C01D8CB2246159B9008E7151 /* PBXContainerItemProxy */ = {
			isa = PBXContainerItemProxy;
			containerPortal = C01D8C85246159B2008E7151 /* Project object */;
			proxyType = 1;
			remoteGlobalIDString = C01D8C8C246159B2008E7151;
			remoteInfo = EnjoyWelfare;
		};
/* End PBXContainerItemProxy section */

/* Begin PBXFileReference section */
		C01D8C8D246159B2008E7151 /* EnjoyWelfare.app */ = {isa = PBXFileReference; explicitFileType = wrapper.application; includeInIndex = 0; path = EnjoyWelfare.app; sourceTree = BUILT_PRODUCTS_DIR; };
		C01D8C90246159B2008E7151 /* AppDelegate.swift */ = {isa = PBXFileReference; lastKnownFileType = sourcecode.swift; path = AppDelegate.swift; sourceTree = "<group>"; };
		C01D8C92246159B2008E7151 /* SceneDelegate.swift */ = {isa = PBXFileReference; lastKnownFileType = sourcecode.swift; path = SceneDelegate.swift; sourceTree = "<group>"; };
		C01D8C97246159B2008E7151 /* Base */ = {isa = PBXFileReference; lastKnownFileType = file.storyboard; name = Base; path = Base.lproj/Main.storyboard; sourceTree = "<group>"; };
		C01D8C9A246159B2008E7151 /* EnjoyWelfare.xcdatamodel */ = {isa = PBXFileReference; lastKnownFileType = wrapper.xcdatamodel; path = EnjoyWelfare.xcdatamodel; sourceTree = "<group>"; };
		C01D8C9C246159B8008E7151 /* Assets.xcassets */ = {isa = PBXFileReference; lastKnownFileType = folder.assetcatalog; path = Assets.xcassets; sourceTree = "<group>"; };
		C01D8C9F246159B8008E7151 /* Base */ = {isa = PBXFileReference; lastKnownFileType = file.storyboard; name = Base; path = Base.lproj/LaunchScreen.storyboard; sourceTree = "<group>"; };
		C01D8CA1246159B8008E7151 /* Info.plist */ = {isa = PBXFileReference; lastKnownFileType = text.plist.xml; path = Info.plist; sourceTree = "<group>"; };
		C01D8CA6246159B9008E7151 /* EnjoyWelfareTests.xctest */ = {isa = PBXFileReference; explicitFileType = wrapper.cfbundle; includeInIndex = 0; path = EnjoyWelfareTests.xctest; sourceTree = BUILT_PRODUCTS_DIR; };
		C01D8CAA246159B9008E7151 /* EnjoyWelfareTests.swift */ = {isa = PBXFileReference; lastKnownFileType = sourcecode.swift; path = EnjoyWelfareTests.swift; sourceTree = "<group>"; };
		C01D8CAC246159B9008E7151 /* Info.plist */ = {isa = PBXFileReference; lastKnownFileType = text.plist.xml; path = Info.plist; sourceTree = "<group>"; };
		C01D8CB1246159B9008E7151 /* EnjoyWelfareUITests.xctest */ = {isa = PBXFileReference; explicitFileType = wrapper.cfbundle; includeInIndex = 0; path = EnjoyWelfareUITests.xctest; sourceTree = BUILT_PRODUCTS_DIR; };
		C01D8CB5246159B9008E7151 /* EnjoyWelfareUITests.swift */ = {isa = PBXFileReference; lastKnownFileType = sourcecode.swift; path = EnjoyWelfareUITests.swift; sourceTree = "<group>"; };
		C01D8CB7246159B9008E7151 /* Info.plist */ = {isa = PBXFileReference; lastKnownFileType = text.plist.xml; path = Info.plist; sourceTree = "<group>"; };
		C01D8CC324617857008E7151 /* EnjoyWelfare.entitlements */ = {isa = PBXFileReference; lastKnownFileType = text.plist.entitlements; path = EnjoyWelfare.entitlements; sourceTree = "<group>"; };
		C01D8CCC246188DA008E7151 /* SignInViewController.swift */ = {isa = PBXFileReference; lastKnownFileType = sourcecode.swift; path = SignInViewController.swift; sourceTree = "<group>"; };
		C01D8CCF2461A2C1008E7151 /* ServiceForUserManagement.swift */ = {isa = PBXFileReference; lastKnownFileType = sourcecode.swift; path = ServiceForUserManagement.swift; sourceTree = "<group>"; };
		C01D8CD82461A774008E7151 /* UsingURLComponents.swift */ = {isa = PBXFileReference; lastKnownFileType = sourcecode.swift; path = UsingURLComponents.swift; sourceTree = "<group>"; };
		C01D8CDA2461AD37008E7151 /* Service.swift */ = {isa = PBXFileReference; lastKnownFileType = sourcecode.swift; path = Service.swift; sourceTree = "<group>"; };
		C01D8CDE2461AFFD008E7151 /* HoxyMeTooAPI.swift */ = {isa = PBXFileReference; lastKnownFileType = sourcecode.swift; path = HoxyMeTooAPI.swift; sourceTree = "<group>"; };
		C01D8CE12461B34A008E7151 /* NewUser.swift */ = {isa = PBXFileReference; lastKnownFileType = sourcecode.swift; path = NewUser.swift; sourceTree = "<group>"; };
/* End PBXFileReference section */

/* Begin PBXFrameworksBuildPhase section */
		C01D8C8A246159B2008E7151 /* Frameworks */ = {
			isa = PBXFrameworksBuildPhase;
			buildActionMask = 2147483647;
			files = (
			);
			runOnlyForDeploymentPostprocessing = 0;
		};
		C01D8CA3246159B9008E7151 /* Frameworks */ = {
			isa = PBXFrameworksBuildPhase;
			buildActionMask = 2147483647;
			files = (
			);
			runOnlyForDeploymentPostprocessing = 0;
		};
		C01D8CAE246159B9008E7151 /* Frameworks */ = {
			isa = PBXFrameworksBuildPhase;
			buildActionMask = 2147483647;
			files = (
			);
			runOnlyForDeploymentPostprocessing = 0;
		};
/* End PBXFrameworksBuildPhase section */

/* Begin PBXGroup section */
		C01D8C84246159B2008E7151 = {
			isa = PBXGroup;
			children = (
				C01D8C8F246159B2008E7151 /* EnjoyWelfare */,
				C01D8CA9246159B9008E7151 /* EnjoyWelfareTests */,
				C01D8CB4246159B9008E7151 /* EnjoyWelfareUITests */,
				C01D8C8E246159B2008E7151 /* Products */,
			);
			sourceTree = "<group>";
		};
		C01D8C8E246159B2008E7151 /* Products */ = {
			isa = PBXGroup;
			children = (
				C01D8C8D246159B2008E7151 /* EnjoyWelfare.app */,
				C01D8CA6246159B9008E7151 /* EnjoyWelfareTests.xctest */,
				C01D8CB1246159B9008E7151 /* EnjoyWelfareUITests.xctest */,
			);
			name = Products;
			sourceTree = "<group>";
		};
		C01D8C8F246159B2008E7151 /* EnjoyWelfare */ = {
			isa = PBXGroup;
			children = (
				C01D8CD12461A41F008E7151 /* Common */,
				C01D8CCA24618858008E7151 /* UserManagement */,
				C01D8CC324617857008E7151 /* EnjoyWelfare.entitlements */,
				C01D8C90246159B2008E7151 /* AppDelegate.swift */,
				C01D8C92246159B2008E7151 /* SceneDelegate.swift */,
				C01D8C96246159B2008E7151 /* Main.storyboard */,
				C01D8C9C246159B8008E7151 /* Assets.xcassets */,
				C01D8C9E246159B8008E7151 /* LaunchScreen.storyboard */,
				C01D8CA1246159B8008E7151 /* Info.plist */,
				C01D8C99246159B2008E7151 /* EnjoyWelfare.xcdatamodeld */,
			);
			path = EnjoyWelfare;
			sourceTree = "<group>";
		};
		C01D8CA9246159B9008E7151 /* EnjoyWelfareTests */ = {
			isa = PBXGroup;
			children = (
				C01D8CAA246159B9008E7151 /* EnjoyWelfareTests.swift */,
				C01D8CAC246159B9008E7151 /* Info.plist */,
			);
			path = EnjoyWelfareTests;
			sourceTree = "<group>";
		};
		C01D8CB4246159B9008E7151 /* EnjoyWelfareUITests */ = {
			isa = PBXGroup;
			children = (
				C01D8CB5246159B9008E7151 /* EnjoyWelfareUITests.swift */,
				C01D8CB7246159B9008E7151 /* Info.plist */,
			);
			path = EnjoyWelfareUITests;
			sourceTree = "<group>";
		};
		C01D8CCA24618858008E7151 /* UserManagement */ = {
			isa = PBXGroup;
			children = (
				C01D8CE02461B32F008E7151 /* UserDTO */,
				C01D8CCE2461A19D008E7151 /* Service */,
				C01D8CCB24618888008E7151 /* SignIn */,
			);
			path = UserManagement;
			sourceTree = "<group>";
		};
		C01D8CCB24618888008E7151 /* SignIn */ = {
			isa = PBXGroup;
			children = (
				C01D8CCC246188DA008E7151 /* SignInViewController.swift */,
			);
			path = SignIn;
			sourceTree = "<group>";
		};
		C01D8CCE2461A19D008E7151 /* Service */ = {
			isa = PBXGroup;
			children = (
				C01D8CCF2461A2C1008E7151 /* ServiceForUserManagement.swift */,
				C01D8CDE2461AFFD008E7151 /* HoxyMeTooAPI.swift */,
			);
			path = Service;
			sourceTree = "<group>";
		};
		C01D8CD12461A41F008E7151 /* Common */ = {
			isa = PBXGroup;
			children = (
				C01D8CD82461A774008E7151 /* UsingURLComponents.swift */,
				C01D8CDA2461AD37008E7151 /* Service.swift */,
			);
			path = Common;
			sourceTree = "<group>";
		};
		C01D8CE02461B32F008E7151 /* UserDTO */ = {
			isa = PBXGroup;
			children = (
				C01D8CE12461B34A008E7151 /* NewUser.swift */,
			);
			path = UserDTO;
			sourceTree = "<group>";
		};
/* End PBXGroup section */

/* Begin PBXNativeTarget section */
		C01D8C8C246159B2008E7151 /* EnjoyWelfare */ = {
			isa = PBXNativeTarget;
			buildConfigurationList = C01D8CBA246159B9008E7151 /* Build configuration list for PBXNativeTarget "EnjoyWelfare" */;
			buildPhases = (
				C01D8C89246159B2008E7151 /* Sources */,
				C01D8C8A246159B2008E7151 /* Frameworks */,
				C01D8C8B246159B2008E7151 /* Resources */,
			);
			buildRules = (
			);
			dependencies = (
			);
			name = EnjoyWelfare;
			productName = EnjoyWelfare;
			productReference = C01D8C8D246159B2008E7151 /* EnjoyWelfare.app */;
			productType = "com.apple.product-type.application";
		};
		C01D8CA5246159B9008E7151 /* EnjoyWelfareTests */ = {
			isa = PBXNativeTarget;
			buildConfigurationList = C01D8CBD246159B9008E7151 /* Build configuration list for PBXNativeTarget "EnjoyWelfareTests" */;
			buildPhases = (
				C01D8CA2246159B9008E7151 /* Sources */,
				C01D8CA3246159B9008E7151 /* Frameworks */,
				C01D8CA4246159B9008E7151 /* Resources */,
			);
			buildRules = (
			);
			dependencies = (
				C01D8CA8246159B9008E7151 /* PBXTargetDependency */,
			);
			name = EnjoyWelfareTests;
			productName = EnjoyWelfareTests;
			productReference = C01D8CA6246159B9008E7151 /* EnjoyWelfareTests.xctest */;
			productType = "com.apple.product-type.bundle.unit-test";
		};
		C01D8CB0246159B9008E7151 /* EnjoyWelfareUITests */ = {
			isa = PBXNativeTarget;
			buildConfigurationList = C01D8CC0246159B9008E7151 /* Build configuration list for PBXNativeTarget "EnjoyWelfareUITests" */;
			buildPhases = (
				C01D8CAD246159B9008E7151 /* Sources */,
				C01D8CAE246159B9008E7151 /* Frameworks */,
				C01D8CAF246159B9008E7151 /* Resources */,
			);
			buildRules = (
			);
			dependencies = (
				C01D8CB3246159B9008E7151 /* PBXTargetDependency */,
			);
			name = EnjoyWelfareUITests;
			productName = EnjoyWelfareUITests;
			productReference = C01D8CB1246159B9008E7151 /* EnjoyWelfareUITests.xctest */;
			productType = "com.apple.product-type.bundle.ui-testing";
		};
/* End PBXNativeTarget section */

/* Begin PBXProject section */
		C01D8C85246159B2008E7151 /* Project object */ = {
			isa = PBXProject;
			attributes = {
				LastSwiftUpdateCheck = 1140;
				LastUpgradeCheck = 1140;
				ORGANIZATIONNAME = GSTheCar;
				TargetAttributes = {
					C01D8C8C246159B2008E7151 = {
						CreatedOnToolsVersion = 11.4.1;
					};
					C01D8CA5246159B9008E7151 = {
						CreatedOnToolsVersion = 11.4.1;
						TestTargetID = C01D8C8C246159B2008E7151;
					};
					C01D8CB0246159B9008E7151 = {
						CreatedOnToolsVersion = 11.4.1;
						TestTargetID = C01D8C8C246159B2008E7151;
					};
				};
			};
			buildConfigurationList = C01D8C88246159B2008E7151 /* Build configuration list for PBXProject "EnjoyWelfare" */;
			compatibilityVersion = "Xcode 9.3";
			developmentRegion = en;
			hasScannedForEncodings = 0;
			knownRegions = (
				en,
				Base,
			);
			mainGroup = C01D8C84246159B2008E7151;
			productRefGroup = C01D8C8E246159B2008E7151 /* Products */;
			projectDirPath = "";
			projectRoot = "";
			targets = (
				C01D8C8C246159B2008E7151 /* EnjoyWelfare */,
				C01D8CA5246159B9008E7151 /* EnjoyWelfareTests */,
				C01D8CB0246159B9008E7151 /* EnjoyWelfareUITests */,
			);
		};
/* End PBXProject section */

/* Begin PBXResourcesBuildPhase section */
		C01D8C8B246159B2008E7151 /* Resources */ = {
			isa = PBXResourcesBuildPhase;
			buildActionMask = 2147483647;
			files = (
				C01D8CA0246159B8008E7151 /* LaunchScreen.storyboard in Resources */,
				C01D8C9D246159B8008E7151 /* Assets.xcassets in Resources */,
				C01D8C98246159B2008E7151 /* Main.storyboard in Resources */,
			);
			runOnlyForDeploymentPostprocessing = 0;
		};
		C01D8CA4246159B9008E7151 /* Resources */ = {
			isa = PBXResourcesBuildPhase;
			buildActionMask = 2147483647;
			files = (
			);
			runOnlyForDeploymentPostprocessing = 0;
		};
		C01D8CAF246159B9008E7151 /* Resources */ = {
			isa = PBXResourcesBuildPhase;
			buildActionMask = 2147483647;
			files = (
			);
			runOnlyForDeploymentPostprocessing = 0;
		};
/* End PBXResourcesBuildPhase section */

/* Begin PBXSourcesBuildPhase section */
		C01D8C89246159B2008E7151 /* Sources */ = {
			isa = PBXSourcesBuildPhase;
			buildActionMask = 2147483647;
			files = (
				C01D8CCD246188DA008E7151 /* SignInViewController.swift in Sources */,
				C01D8CDB2461AD37008E7151 /* Service.swift in Sources */,
				C01D8C9B246159B2008E7151 /* EnjoyWelfare.xcdatamodeld in Sources */,
				C01D8CD92461A774008E7151 /* UsingURLComponents.swift in Sources */,
				C01D8CD02461A2C1008E7151 /* ServiceForUserManagement.swift in Sources */,
				C01D8CE22461B34A008E7151 /* NewUser.swift in Sources */,
				C01D8CDF2461AFFD008E7151 /* HoxyMeTooAPI.swift in Sources */,
				C01D8C91246159B2008E7151 /* AppDelegate.swift in Sources */,
				C01D8C93246159B2008E7151 /* SceneDelegate.swift in Sources */,
			);
			runOnlyForDeploymentPostprocessing = 0;
		};
		C01D8CA2246159B9008E7151 /* Sources */ = {
			isa = PBXSourcesBuildPhase;
			buildActionMask = 2147483647;
			files = (
				C01D8CAB246159B9008E7151 /* EnjoyWelfareTests.swift in Sources */,
			);
			runOnlyForDeploymentPostprocessing = 0;
		};
		C01D8CAD246159B9008E7151 /* Sources */ = {
			isa = PBXSourcesBuildPhase;
			buildActionMask = 2147483647;
			files = (
				C01D8CB6246159B9008E7151 /* EnjoyWelfareUITests.swift in Sources */,
			);
			runOnlyForDeploymentPostprocessing = 0;
		};
/* End PBXSourcesBuildPhase section */

/* Begin PBXTargetDependency section */
		C01D8CA8246159B9008E7151 /* PBXTargetDependency */ = {
			isa = PBXTargetDependency;
			target = C01D8C8C246159B2008E7151 /* EnjoyWelfare */;
			targetProxy = C01D8CA7246159B9008E7151 /* PBXContainerItemProxy */;
		};
		C01D8CB3246159B9008E7151 /* PBXTargetDependency */ = {
			isa = PBXTargetDependency;
			target = C01D8C8C246159B2008E7151 /* EnjoyWelfare */;
			targetProxy = C01D8CB2246159B9008E7151 /* PBXContainerItemProxy */;
		};
/* End PBXTargetDependency section */

/* Begin PBXVariantGroup section */
		C01D8C96246159B2008E7151 /* Main.storyboard */ = {
			isa = PBXVariantGroup;
			children = (
				C01D8C97246159B2008E7151 /* Base */,
			);
			name = Main.storyboard;
			sourceTree = "<group>";
		};
		C01D8C9E246159B8008E7151 /* LaunchScreen.storyboard */ = {
			isa = PBXVariantGroup;
			children = (
				C01D8C9F246159B8008E7151 /* Base */,
			);
			name = LaunchScreen.storyboard;
			sourceTree = "<group>";
		};
/* End PBXVariantGroup section */

/* Begin XCBuildConfiguration section */
		C01D8CB8246159B9008E7151 /* Debug */ = {
			isa = XCBuildConfiguration;
			buildSettings = {
				ALWAYS_SEARCH_USER_PATHS = NO;
				CLANG_ANALYZER_NONNULL = YES;
				CLANG_ANALYZER_NUMBER_OBJECT_CONVERSION = YES_AGGRESSIVE;
				CLANG_CXX_LANGUAGE_STANDARD = "gnu++14";
				CLANG_CXX_LIBRARY = "libc++";
				CLANG_ENABLE_MODULES = YES;
				CLANG_ENABLE_OBJC_ARC = YES;
				CLANG_ENABLE_OBJC_WEAK = YES;
				CLANG_WARN_BLOCK_CAPTURE_AUTORELEASING = YES;
				CLANG_WARN_BOOL_CONVERSION = YES;
				CLANG_WARN_COMMA = YES;
				CLANG_WARN_CONSTANT_CONVERSION = YES;
				CLANG_WARN_DEPRECATED_OBJC_IMPLEMENTATIONS = YES;
				CLANG_WARN_DIRECT_OBJC_ISA_USAGE = YES_ERROR;
				CLANG_WARN_DOCUMENTATION_COMMENTS = YES;
				CLANG_WARN_EMPTY_BODY = YES;
				CLANG_WARN_ENUM_CONVERSION = YES;
				CLANG_WARN_INFINITE_RECURSION = YES;
				CLANG_WARN_INT_CONVERSION = YES;
				CLANG_WARN_NON_LITERAL_NULL_CONVERSION = YES;
				CLANG_WARN_OBJC_IMPLICIT_RETAIN_SELF = YES;
				CLANG_WARN_OBJC_LITERAL_CONVERSION = YES;
				CLANG_WARN_OBJC_ROOT_CLASS = YES_ERROR;
				CLANG_WARN_RANGE_LOOP_ANALYSIS = YES;
				CLANG_WARN_STRICT_PROTOTYPES = YES;
				CLANG_WARN_SUSPICIOUS_MOVE = YES;
				CLANG_WARN_UNGUARDED_AVAILABILITY = YES_AGGRESSIVE;
				CLANG_WARN_UNREACHABLE_CODE = YES;
				CLANG_WARN__DUPLICATE_METHOD_MATCH = YES;
				COPY_PHASE_STRIP = NO;
				DEBUG_INFORMATION_FORMAT = dwarf;
				ENABLE_STRICT_OBJC_MSGSEND = YES;
				ENABLE_TESTABILITY = YES;
				GCC_C_LANGUAGE_STANDARD = gnu11;
				GCC_DYNAMIC_NO_PIC = NO;
				GCC_NO_COMMON_BLOCKS = YES;
				GCC_OPTIMIZATION_LEVEL = 0;
				GCC_PREPROCESSOR_DEFINITIONS = (
					"DEBUG=1",
					"$(inherited)",
				);
				GCC_WARN_64_TO_32_BIT_CONVERSION = YES;
				GCC_WARN_ABOUT_RETURN_TYPE = YES_ERROR;
				GCC_WARN_UNDECLARED_SELECTOR = YES;
				GCC_WARN_UNINITIALIZED_AUTOS = YES_AGGRESSIVE;
				GCC_WARN_UNUSED_FUNCTION = YES;
				GCC_WARN_UNUSED_VARIABLE = YES;
				IPHONEOS_DEPLOYMENT_TARGET = 13.4;
				MTL_ENABLE_DEBUG_INFO = INCLUDE_SOURCE;
				MTL_FAST_MATH = YES;
				ONLY_ACTIVE_ARCH = YES;
				SDKROOT = iphoneos;
				SWIFT_ACTIVE_COMPILATION_CONDITIONS = DEBUG;
				SWIFT_OPTIMIZATION_LEVEL = "-Onone";
			};
			name = Debug;
		};
		C01D8CB9246159B9008E7151 /* Release */ = {
			isa = XCBuildConfiguration;
			buildSettings = {
				ALWAYS_SEARCH_USER_PATHS = NO;
				CLANG_ANALYZER_NONNULL = YES;
				CLANG_ANALYZER_NUMBER_OBJECT_CONVERSION = YES_AGGRESSIVE;
				CLANG_CXX_LANGUAGE_STANDARD = "gnu++14";
				CLANG_CXX_LIBRARY = "libc++";
				CLANG_ENABLE_MODULES = YES;
				CLANG_ENABLE_OBJC_ARC = YES;
				CLANG_ENABLE_OBJC_WEAK = YES;
				CLANG_WARN_BLOCK_CAPTURE_AUTORELEASING = YES;
				CLANG_WARN_BOOL_CONVERSION = YES;
				CLANG_WARN_COMMA = YES;
				CLANG_WARN_CONSTANT_CONVERSION = YES;
				CLANG_WARN_DEPRECATED_OBJC_IMPLEMENTATIONS = YES;
				CLANG_WARN_DIRECT_OBJC_ISA_USAGE = YES_ERROR;
				CLANG_WARN_DOCUMENTATION_COMMENTS = YES;
				CLANG_WARN_EMPTY_BODY = YES;
				CLANG_WARN_ENUM_CONVERSION = YES;
				CLANG_WARN_INFINITE_RECURSION = YES;
				CLANG_WARN_INT_CONVERSION = YES;
				CLANG_WARN_NON_LITERAL_NULL_CONVERSION = YES;
				CLANG_WARN_OBJC_IMPLICIT_RETAIN_SELF = YES;
				CLANG_WARN_OBJC_LITERAL_CONVERSION = YES;
				CLANG_WARN_OBJC_ROOT_CLASS = YES_ERROR;
				CLANG_WARN_RANGE_LOOP_ANALYSIS = YES;
				CLANG_WARN_STRICT_PROTOTYPES = YES;
				CLANG_WARN_SUSPICIOUS_MOVE = YES;
				CLANG_WARN_UNGUARDED_AVAILABILITY = YES_AGGRESSIVE;
				CLANG_WARN_UNREACHABLE_CODE = YES;
				CLANG_WARN__DUPLICATE_METHOD_MATCH = YES;
				COPY_PHASE_STRIP = NO;
				DEBUG_INFORMATION_FORMAT = "dwarf-with-dsym";
				ENABLE_NS_ASSERTIONS = NO;
				ENABLE_STRICT_OBJC_MSGSEND = YES;
				GCC_C_LANGUAGE_STANDARD = gnu11;
				GCC_NO_COMMON_BLOCKS = YES;
				GCC_WARN_64_TO_32_BIT_CONVERSION = YES;
				GCC_WARN_ABOUT_RETURN_TYPE = YES_ERROR;
				GCC_WARN_UNDECLARED_SELECTOR = YES;
				GCC_WARN_UNINITIALIZED_AUTOS = YES_AGGRESSIVE;
				GCC_WARN_UNUSED_FUNCTION = YES;
				GCC_WARN_UNUSED_VARIABLE = YES;
				IPHONEOS_DEPLOYMENT_TARGET = 13.4;
				MTL_ENABLE_DEBUG_INFO = NO;
				MTL_FAST_MATH = YES;
				SDKROOT = iphoneos;
				SWIFT_COMPILATION_MODE = wholemodule;
				SWIFT_OPTIMIZATION_LEVEL = "-O";
				VALIDATE_PRODUCT = YES;
			};
			name = Release;
		};
		C01D8CBB246159B9008E7151 /* Debug */ = {
			isa = XCBuildConfiguration;
			buildSettings = {
				ASSETCATALOG_COMPILER_APPICON_NAME = AppIcon;
				CODE_SIGN_ENTITLEMENTS = EnjoyWelfare/EnjoyWelfare.entitlements;
				CODE_SIGN_STYLE = Automatic;
				DEVELOPMENT_TEAM = 93P8MMPUWH;
				INFOPLIST_FILE = EnjoyWelfare/Info.plist;
				IPHONEOS_DEPLOYMENT_TARGET = 13.0;
				LD_RUNPATH_SEARCH_PATHS = (
					"$(inherited)",
					"@executable_path/Frameworks",
				);
				PRODUCT_BUNDLE_IDENTIFIER = com.github.GSThecar.EnjoyWelfare;
				PRODUCT_NAME = "$(TARGET_NAME)";
				SWIFT_VERSION = 5.0;
				TARGETED_DEVICE_FAMILY = 1;
			};
			name = Debug;
		};
		C01D8CBC246159B9008E7151 /* Release */ = {
			isa = XCBuildConfiguration;
			buildSettings = {
				ASSETCATALOG_COMPILER_APPICON_NAME = AppIcon;
				CODE_SIGN_ENTITLEMENTS = EnjoyWelfare/EnjoyWelfare.entitlements;
				CODE_SIGN_STYLE = Automatic;
				DEVELOPMENT_TEAM = 93P8MMPUWH;
				INFOPLIST_FILE = EnjoyWelfare/Info.plist;
				IPHONEOS_DEPLOYMENT_TARGET = 13.0;
				LD_RUNPATH_SEARCH_PATHS = (
					"$(inherited)",
					"@executable_path/Frameworks",
				);
				PRODUCT_BUNDLE_IDENTIFIER = com.github.GSThecar.EnjoyWelfare;
				PRODUCT_NAME = "$(TARGET_NAME)";
				SWIFT_VERSION = 5.0;
				TARGETED_DEVICE_FAMILY = 1;
			};
			name = Release;
		};
		C01D8CBE246159B9008E7151 /* Debug */ = {
			isa = XCBuildConfiguration;
			buildSettings = {
				ALWAYS_EMBED_SWIFT_STANDARD_LIBRARIES = YES;
				BUNDLE_LOADER = "$(TEST_HOST)";
				CODE_SIGN_STYLE = Automatic;
				DEVELOPMENT_TEAM = 93P8MMPUWH;
				INFOPLIST_FILE = EnjoyWelfareTests/Info.plist;
				IPHONEOS_DEPLOYMENT_TARGET = 13.4;
				LD_RUNPATH_SEARCH_PATHS = (
					"$(inherited)",
					"@executable_path/Frameworks",
					"@loader_path/Frameworks",
				);
				PRODUCT_BUNDLE_IDENTIFIER = com.github.GSThecar.EnjoyWelfareTests;
				PRODUCT_NAME = "$(TARGET_NAME)";
				SWIFT_VERSION = 5.0;
				TARGETED_DEVICE_FAMILY = "1,2";
				TEST_HOST = "$(BUILT_PRODUCTS_DIR)/EnjoyWelfare.app/EnjoyWelfare";
			};
			name = Debug;
		};
		C01D8CBF246159B9008E7151 /* Release */ = {
			isa = XCBuildConfiguration;
			buildSettings = {
				ALWAYS_EMBED_SWIFT_STANDARD_LIBRARIES = YES;
				BUNDLE_LOADER = "$(TEST_HOST)";
				CODE_SIGN_STYLE = Automatic;
				DEVELOPMENT_TEAM = 93P8MMPUWH;
				INFOPLIST_FILE = EnjoyWelfareTests/Info.plist;
				IPHONEOS_DEPLOYMENT_TARGET = 13.4;
				LD_RUNPATH_SEARCH_PATHS = (
					"$(inherited)",
					"@executable_path/Frameworks",
					"@loader_path/Frameworks",
				);
				PRODUCT_BUNDLE_IDENTIFIER = com.github.GSThecar.EnjoyWelfareTests;
				PRODUCT_NAME = "$(TARGET_NAME)";
				SWIFT_VERSION = 5.0;
				TARGETED_DEVICE_FAMILY = "1,2";
				TEST_HOST = "$(BUILT_PRODUCTS_DIR)/EnjoyWelfare.app/EnjoyWelfare";
			};
			name = Release;
		};
		C01D8CC1246159B9008E7151 /* Debug */ = {
			isa = XCBuildConfiguration;
			buildSettings = {
				ALWAYS_EMBED_SWIFT_STANDARD_LIBRARIES = YES;
				CODE_SIGN_STYLE = Automatic;
				DEVELOPMENT_TEAM = 93P8MMPUWH;
				INFOPLIST_FILE = EnjoyWelfareUITests/Info.plist;
				LD_RUNPATH_SEARCH_PATHS = (
					"$(inherited)",
					"@executable_path/Frameworks",
					"@loader_path/Frameworks",
				);
				PRODUCT_BUNDLE_IDENTIFIER = com.github.GSThecar.EnjoyWelfareUITests;
				PRODUCT_NAME = "$(TARGET_NAME)";
				SWIFT_VERSION = 5.0;
				TARGETED_DEVICE_FAMILY = "1,2";
				TEST_TARGET_NAME = EnjoyWelfare;
			};
			name = Debug;
		};
		C01D8CC2246159B9008E7151 /* Release */ = {
			isa = XCBuildConfiguration;
			buildSettings = {
				ALWAYS_EMBED_SWIFT_STANDARD_LIBRARIES = YES;
				CODE_SIGN_STYLE = Automatic;
				DEVELOPMENT_TEAM = 93P8MMPUWH;
				INFOPLIST_FILE = EnjoyWelfareUITests/Info.plist;
				LD_RUNPATH_SEARCH_PATHS = (
					"$(inherited)",
					"@executable_path/Frameworks",
					"@loader_path/Frameworks",
				);
				PRODUCT_BUNDLE_IDENTIFIER = com.github.GSThecar.EnjoyWelfareUITests;
				PRODUCT_NAME = "$(TARGET_NAME)";
				SWIFT_VERSION = 5.0;
				TARGETED_DEVICE_FAMILY = "1,2";
				TEST_TARGET_NAME = EnjoyWelfare;
			};
			name = Release;
		};
/* End XCBuildConfiguration section */

/* Begin XCConfigurationList section */
		C01D8C88246159B2008E7151 /* Build configuration list for PBXProject "EnjoyWelfare" */ = {
			isa = XCConfigurationList;
			buildConfigurations = (
				C01D8CB8246159B9008E7151 /* Debug */,
				C01D8CB9246159B9008E7151 /* Release */,
			);
			defaultConfigurationIsVisible = 0;
			defaultConfigurationName = Release;
		};
		C01D8CBA246159B9008E7151 /* Build configuration list for PBXNativeTarget "EnjoyWelfare" */ = {
			isa = XCConfigurationList;
			buildConfigurations = (
				C01D8CBB246159B9008E7151 /* Debug */,
				C01D8CBC246159B9008E7151 /* Release */,
			);
			defaultConfigurationIsVisible = 0;
			defaultConfigurationName = Release;
		};
		C01D8CBD246159B9008E7151 /* Build configuration list for PBXNativeTarget "EnjoyWelfareTests" */ = {
			isa = XCConfigurationList;
			buildConfigurations = (
				C01D8CBE246159B9008E7151 /* Debug */,
				C01D8CBF246159B9008E7151 /* Release */,
			);
			defaultConfigurationIsVisible = 0;
			defaultConfigurationName = Release;
		};
		C01D8CC0246159B9008E7151 /* Build configuration list for PBXNativeTarget "EnjoyWelfareUITests" */ = {
			isa = XCConfigurationList;
			buildConfigurations = (
				C01D8CC1246159B9008E7151 /* Debug */,
				C01D8CC2246159B9008E7151 /* Release */,
			);
			defaultConfigurationIsVisible = 0;
			defaultConfigurationName = Release;
		};
/* End XCConfigurationList section */

/* Begin XCVersionGroup section */
		C01D8C99246159B2008E7151 /* EnjoyWelfare.xcdatamodeld */ = {
			isa = XCVersionGroup;
			children = (
				C01D8C9A246159B2008E7151 /* EnjoyWelfare.xcdatamodel */,
			);
			currentVersion = C01D8C9A246159B2008E7151 /* EnjoyWelfare.xcdatamodel */;
			path = EnjoyWelfare.xcdatamodeld;
			sourceTree = "<group>";
			versionGroupType = wrapper.xcdatamodel;
		};
/* End XCVersionGroup section */
	};
	rootObject = C01D8C85246159B2008E7151 /* Project object */;
}
